{
  "name": "gitmoji-atom",
  "version": "0.1.0",
  "lockfileVersion": 2,
  "requires": true,
  "packages": {
    "": {
      "version": "0.1.0",
      "license": "MIT",
      "dependencies": {
        "atom-select-list": "^0.8.0",
        "gitmojis": "^3.2.0"
      },
      "engines": {
        "atom": ">=1.0.0 <2.0.0"
      }
    },
    "node_modules/atom-select-list": {
      "version": "0.8.0",
      "resolved": "https://registry.npmjs.org/atom-select-list/-/atom-select-list-0.8.0.tgz",
      "integrity": "sha512-LZBLl2Mn0ov/CfUV+INrfENQVVdfdXvdB4MGvmvM28Rsm/ViVAuVMjNotvZKVCo5Jm53s/Ixd8K1deQV2WHcxA==",
      "dependencies": {
        "etch": "^0.14.0",
        "fuzzaldrin": "^2.1.0"
      }
    },
    "node_modules/etch": {
      "version": "0.14.1",
      "resolved": "https://registry.npmjs.org/etch/-/etch-0.14.1.tgz",
      "integrity": "sha512-+IwqSDBhaQFMUHJu4L/ir0dhDoW5IIihg4Z9lzsIxxne8V0PlSg0gnk2STaKWjGJQnDR4cxpA+a/dORX9kycTA=="
    },
    "node_modules/fuzzaldrin": {
      "version": "2.1.0",
      "resolved": "https://registry.npmjs.org/fuzzaldrin/-/fuzzaldrin-2.1.0.tgz",
      "integrity": "sha1-kCBMPi/appQbso0WZF1BgGOpDps="
    },
    "node_modules/gitmojis": {
      "version": "3.2.0",
      "resolved": "https://registry.npmjs.org/gitmojis/-/gitmojis-3.2.0.tgz",
      "integrity": "sha512-uZtqUowlwAKacPR1flSParzAoJOW5zVycuNBbzv+dZfze6C3Ln/FCYKv9ArBvxP8BiI8xJCS/UhGkdcmZmSzXQ=="
    }
  },
  "dependencies": {
    "atom-select-list": {
      "version": "0.8.0",
      "resolved": "https://registry.npmjs.org/atom-select-list/-/atom-select-list-0.8.0.tgz",
      "integrity": "sha512-LZBLl2Mn0ov/CfUV+INrfENQVVdfdXvdB4MGvmvM28Rsm/ViVAuVMjNotvZKVCo5Jm53s/Ixd8K1deQV2WHcxA==",
      "requires": {
        "etch": "^0.14.0",
        "fuzzaldrin": "^2.1.0"
      }
    },
    "etch": {
      "version": "0.14.1",
      "resolved": "https://registry.npmjs.org/etch/-/etch-0.14.1.tgz",
      "integrity": "sha512-+IwqSDBhaQFMUHJu4L/ir0dhDoW5IIihg4Z9lzsIxxne8V0PlSg0gnk2STaKWjGJQnDR4cxpA+a/dORX9kycTA=="
    },
    "fuzzaldrin": {
      "version": "2.1.0",
      "resolved": "https://registry.npmjs.org/fuzzaldrin/-/fuzzaldrin-2.1.0.tgz",
      "integrity": "sha1-kCBMPi/appQbso0WZF1BgGOpDps="
    },
    "gitmojis": {
      "version": "3.2.0",
      "resolved": "https://registry.npmjs.org/gitmojis/-/gitmojis-3.2.0.tgz",
      "integrity": "sha512-uZtqUowlwAKacPR1flSParzAoJOW5zVycuNBbzv+dZfze6C3Ln/FCYKv9ArBvxP8BiI8xJCS/UhGkdcmZmSzXQ=="
    }
  }
}
